{
  "name": "com.marco.voipplayer",
  "version": "0.1.1",
  "lockfileVersion": 3,
  "requires": true,
  "packages": {
    "": {
      "name": "com.marco.voipplayer",
      "version": "0.1.1",
      "dependencies": {
        "sip": "^0.0.6"
      },
      "engines": {
        "node": ">=16"
      }
    },
    "node_modules/async-limiter": {
      "version": "1.0.1",
      "resolved": "https://registry.npmjs.org/async-limiter/-/async-limiter-1.0.1.tgz",
      "integrity": "sha512-csOlWGAcRFJaI6m+F2WKdnMKr4HhdhFVBk0H/QbJFMCr+uO2kwohwXQPxw/9OCxp05r5ghVBFSyioixx3gfkNQ==",
      "license": "MIT"
    },
    "node_modules/sip": {
      "version": "0.0.6",
      "resolved": "https://registry.npmjs.org/sip/-/sip-0.0.6.tgz",
      "integrity": "sha512-t+FYic4EQ25GTsIRWFVvsq+GmVkoZhrcoghANlnN6CsWMHGcfjPDYMD+nTBNrHR/WnRykF4nqx4i+gahAnW5NA==",
      "dependencies": {
        "ws": "^6.1.0"
      },
      "engines": {
        "node": ">=0.2.2"
      }
    },
    "node_modules/ws": {
      "version": "6.2.3",
      "resolved": "https://registry.npmjs.org/ws/-/ws-6.2.3.tgz",
      "integrity": "sha512-jmTjYU0j60B+vHey6TfR3Z7RD61z/hmxBS3VMSGIrroOWXQEneK1zNuotOUrGyBHQj0yrpsLHPWtigEFd13ndA==",
      "license": "MIT",
      "dependencies": {
        "async-limiter": "~1.0.0"
      }
    }
  }
}
